// !$*UTF8*$!
{
	archiveVersion = 1;
	classes = {
	};
	objectVersion = 46;
	objects = {

/* Begin PBXBuildFile section */
		9CD7EAE98FD717A6F651A5FB /* Pods_RWPickFlavor.framework in Frameworks */ = {isa = PBXBuildFile; fileRef = 644801D91FF7B9C5A896CFF6 /* Pods_RWPickFlavor.framework */; settings = {ATTRIBUTES = (Weak, ); }; };
		D392DA1C1B3B422A00620EB2 /* RGBAColorFromString.swift in Sources */ = {isa = PBXBuildFile; fileRef = D392DA1B1B3B422A00620EB2 /* RGBAColorFromString.swift */; };
		D392DA1F1B3B423D00620EB2 /* PickFlavorDataSource.swift in Sources */ = {isa = PBXBuildFile; fileRef = D392DA1D1B3B423D00620EB2 /* PickFlavorDataSource.swift */; };
		D392DA201B3B423D00620EB2 /* PickFlavorViewController.swift in Sources */ = {isa = PBXBuildFile; fileRef = D392DA1E1B3B423D00620EB2 /* PickFlavorViewController.swift */; };
		D392DA221B3B424700620EB2 /* FlavorFactory.swift in Sources */ = {isa = PBXBuildFile; fileRef = D392DA211B3B424700620EB2 /* FlavorFactory.swift */; };
		D392DA241B3B425000620EB2 /* Flavor.swift in Sources */ = {isa = PBXBuildFile; fileRef = D392DA231B3B425000620EB2 /* Flavor.swift */; };
		D392DA281B3B426D00620EB2 /* IceCreamView.swift in Sources */ = {isa = PBXBuildFile; fileRef = D392DA251B3B426D00620EB2 /* IceCreamView.swift */; };
		D392DA291B3B426D00620EB2 /* ScoopCell.swift in Sources */ = {isa = PBXBuildFile; fileRef = D392DA261B3B426D00620EB2 /* ScoopCell.swift */; };
		D392DA2A1B3B426D00620EB2 /* ScoopView.swift in Sources */ = {isa = PBXBuildFile; fileRef = D392DA271B3B426D00620EB2 /* ScoopView.swift */; };
		D392DA2C1B3B427E00620EB2 /* Main.storyboard in Resources */ = {isa = PBXBuildFile; fileRef = D392DA2B1B3B427E00620EB2 /* Main.storyboard */; };
		D392DA2F1B3B442200620EB2 /* background.jpg in Resources */ = {isa = PBXBuildFile; fileRef = D392DA2E1B3B442200620EB2 /* background.jpg */; };
		D3BD00E41B3A661300E3C166 /* RWPickFlavor.h in Headers */ = {isa = PBXBuildFile; fileRef = D3BD00E31B3A661300E3C166 /* RWPickFlavor.h */; settings = {ATTRIBUTES = (Public, ); }; };
		D3BD00EA1B3A661300E3C166 /* RWPickFlavor.framework in Frameworks */ = {isa = PBXBuildFile; fileRef = D3BD00DE1B3A661300E3C166 /* RWPickFlavor.framework */; };
		D3BD00F11B3A661300E3C166 /* RWPickFlavorTests.swift in Sources */ = {isa = PBXBuildFile; fileRef = D3BD00F01B3A661300E3C166 /* RWPickFlavorTests.swift */; };
/* End PBXBuildFile section */

/* Begin PBXContainerItemProxy section */
		D3BD00EB1B3A661300E3C166 /* PBXContainerItemProxy */ = {
			isa = PBXContainerItemProxy;
			containerPortal = D3BD00D51B3A661300E3C166 /* Project object */;
			proxyType = 1;
			remoteGlobalIDString = D3BD00DD1B3A661300E3C166;
			remoteInfo = RWPickFlavor;
		};
/* End PBXContainerItemProxy section */

/* Begin PBXFileReference section */
		4AAD9C0E5B5D25DCD788F300 /* Pods-RWPickFlavor.debug.xcconfig */ = {isa = PBXFileReference; includeInIndex = 1; lastKnownFileType = text.xcconfig; name = "Pods-RWPickFlavor.debug.xcconfig"; path = "Pods/Target Support Files/Pods-RWPickFlavor/Pods-RWPickFlavor.debug.xcconfig"; sourceTree = "<group>"; };
		644801D91FF7B9C5A896CFF6 /* Pods_RWPickFlavor.framework */ = {isa = PBXFileReference; explicitFileType = wrapper.framework; includeInIndex = 0; path = Pods_RWPickFlavor.framework; sourceTree = BUILT_PRODUCTS_DIR; };
		D392DA1B1B3B422A00620EB2 /* RGBAColorFromString.swift */ = {isa = PBXFileReference; fileEncoding = 4; lastKnownFileType = sourcecode.swift; path = RGBAColorFromString.swift; sourceTree = "<group>"; };
		D392DA1D1B3B423D00620EB2 /* PickFlavorDataSource.swift */ = {isa = PBXFileReference; fileEncoding = 4; lastKnownFileType = sourcecode.swift; path = PickFlavorDataSource.swift; sourceTree = "<group>"; };
		D392DA1E1B3B423D00620EB2 /* PickFlavorViewController.swift */ = {isa = PBXFileReference; fileEncoding = 4; lastKnownFileType = sourcecode.swift; path = PickFlavorViewController.swift; sourceTree = "<group>"; };
		D392DA211B3B424700620EB2 /* FlavorFactory.swift */ = {isa = PBXFileReference; fileEncoding = 4; lastKnownFileType = sourcecode.swift; path = FlavorFactory.swift; sourceTree = "<group>"; };
		D392DA231B3B425000620EB2 /* Flavor.swift */ = {isa = PBXFileReference; fileEncoding = 4; lastKnownFileType = sourcecode.swift; path = Flavor.swift; sourceTree = "<group>"; };
		D392DA251B3B426D00620EB2 /* IceCreamView.swift */ = {isa = PBXFileReference; fileEncoding = 4; lastKnownFileType = sourcecode.swift; path = IceCreamView.swift; sourceTree = "<group>"; };
		D392DA261B3B426D00620EB2 /* ScoopCell.swift */ = {isa = PBXFileReference; fileEncoding = 4; lastKnownFileType = sourcecode.swift; path = ScoopCell.swift; sourceTree = "<group>"; };
		D392DA271B3B426D00620EB2 /* ScoopView.swift */ = {isa = PBXFileReference; fileEncoding = 4; lastKnownFileType = sourcecode.swift; path = ScoopView.swift; sourceTree = "<group>"; };
		D392DA2B1B3B427E00620EB2 /* Main.storyboard */ = {isa = PBXFileReference; fileEncoding = 4; lastKnownFileType = file.storyboard; path = Main.storyboard; sourceTree = "<group>"; };
		D392DA2E1B3B442200620EB2 /* background.jpg */ = {isa = PBXFileReference; lastKnownFileType = image.jpeg; path = background.jpg; sourceTree = "<group>"; };
		D3BD00DE1B3A661300E3C166 /* RWPickFlavor.framework */ = {isa = PBXFileReference; explicitFileType = wrapper.framework; includeInIndex = 0; path = RWPickFlavor.framework; sourceTree = BUILT_PRODUCTS_DIR; };
		D3BD00E21B3A661300E3C166 /* Info.plist */ = {isa = PBXFileReference; lastKnownFileType = text.plist.xml; path = Info.plist; sourceTree = "<group>"; };
		D3BD00E31B3A661300E3C166 /* RWPickFlavor.h */ = {isa = PBXFileReference; lastKnownFileType = sourcecode.c.h; path = RWPickFlavor.h; sourceTree = "<group>"; };
		D3BD00E91B3A661300E3C166 /* RWPickFlavorTests.xctest */ = {isa = PBXFileReference; explicitFileType = wrapper.cfbundle; includeInIndex = 0; path = RWPickFlavorTests.xctest; sourceTree = BUILT_PRODUCTS_DIR; };
		D3BD00EF1B3A661300E3C166 /* Info.plist */ = {isa = PBXFileReference; lastKnownFileType = text.plist.xml; path = Info.plist; sourceTree = "<group>"; };
		D3BD00F01B3A661300E3C166 /* RWPickFlavorTests.swift */ = {isa = PBXFileReference; lastKnownFileType = sourcecode.swift; path = RWPickFlavorTests.swift; sourceTree = "<group>"; };
		EFC78C8973A1E41305D87473 /* Pods-RWPickFlavor.release.xcconfig */ = {isa = PBXFileReference; includeInIndex = 1; lastKnownFileType = text.xcconfig; name = "Pods-RWPickFlavor.release.xcconfig"; path = "Pods/Target Support Files/Pods-RWPickFlavor/Pods-RWPickFlavor.release.xcconfig"; sourceTree = "<group>"; };
/* End PBXFileReference section */

/* Begin PBXFrameworksBuildPhase section */
		D3BD00DA1B3A661300E3C166 /* Frameworks */ = {
			isa = PBXFrameworksBuildPhase;
			buildActionMask = 2147483647;
			files = (
				9CD7EAE98FD717A6F651A5FB /* Pods_RWPickFlavor.framework in Frameworks */,
			);
			runOnlyForDeploymentPostprocessing = 0;
		};
		D3BD00E61B3A661300E3C166 /* Frameworks */ = {
			isa = PBXFrameworksBuildPhase;
			buildActionMask = 2147483647;
			files = (
				D3BD00EA1B3A661300E3C166 /* RWPickFlavor.framework in Frameworks */,
			);
			runOnlyForDeploymentPostprocessing = 0;
		};
/* End PBXFrameworksBuildPhase section */

/* Begin PBXGroup section */
		00902C1D08328A93E3ABE0BE /* Pods */ = {
			isa = PBXGroup;
			children = (
				4AAD9C0E5B5D25DCD788F300 /* Pods-RWPickFlavor.debug.xcconfig */,
				EFC78C8973A1E41305D87473 /* Pods-RWPickFlavor.release.xcconfig */,
			);
			name = Pods;
			sourceTree = "<group>";
		};
		D392DA141B3B41E200620EB2 /* Views */ = {
			isa = PBXGroup;
			children = (
				D392DA161B3B41F200620EB2 /* Ice Cream */,
				D392DA151B3B41E900620EB2 /* Storyboards & Nibs */,
			);
			name = Views;
			sourceTree = "<group>";
		};
		D392DA151B3B41E900620EB2 /* Storyboards & Nibs */ = {
			isa = PBXGroup;
			children = (
				D392DA2B1B3B427E00620EB2 /* Main.storyboard */,
			);
			name = "Storyboards & Nibs";
			sourceTree = "<group>";
		};
		D392DA161B3B41F200620EB2 /* Ice Cream */ = {
			isa = PBXGroup;
			children = (
				D392DA251B3B426D00620EB2 /* IceCreamView.swift */,
				D392DA261B3B426D00620EB2 /* ScoopCell.swift */,
				D392DA271B3B426D00620EB2 /* ScoopView.swift */,
			);
			name = "Ice Cream";
			sourceTree = "<group>";
		};
		D392DA171B3B41F700620EB2 /* Models */ = {
			isa = PBXGroup;
			children = (
				D392DA231B3B425000620EB2 /* Flavor.swift */,
			);
			name = Models;
			sourceTree = "<group>";
		};
		D392DA181B3B41FC00620EB2 /* Factories */ = {
			isa = PBXGroup;
			children = (
				D392DA211B3B424700620EB2 /* FlavorFactory.swift */,
			);
			name = Factories;
			sourceTree = "<group>";
		};
		D392DA191B3B420100620EB2 /* Controllers */ = {
			isa = PBXGroup;
			children = (
				D392DA1D1B3B423D00620EB2 /* PickFlavorDataSource.swift */,
				D392DA1E1B3B423D00620EB2 /* PickFlavorViewController.swift */,
			);
			name = Controllers;
			sourceTree = "<group>";
		};
		D392DA1A1B3B420600620EB2 /* Categories */ = {
			isa = PBXGroup;
			children = (
				D392DA1B1B3B422A00620EB2 /* RGBAColorFromString.swift */,
			);
			name = Categories;
			sourceTree = "<group>";
		};
		D392DA2D1B3B43B800620EB2 /* Resources */ = {
			isa = PBXGroup;
			children = (
				D392DA2E1B3B442200620EB2 /* background.jpg */,
			);
			name = Resources;
			sourceTree = "<group>";
		};
		D3BD00D41B3A661300E3C166 = {
			isa = PBXGroup;
			children = (
				D3BD00E01B3A661300E3C166 /* RWPickFlavor */,
				D3BD00ED1B3A661300E3C166 /* RWPickFlavorTests */,
				D3BD00DF1B3A661300E3C166 /* Products */,
				00902C1D08328A93E3ABE0BE /* Pods */,
				FC8B99B51D1C87F271CAFF7D /* Frameworks */,
			);
			sourceTree = "<group>";
		};
		D3BD00DF1B3A661300E3C166 /* Products */ = {
			isa = PBXGroup;
			children = (
				D3BD00DE1B3A661300E3C166 /* RWPickFlavor.framework */,
				D3BD00E91B3A661300E3C166 /* RWPickFlavorTests.xctest */,
			);
			name = Products;
			sourceTree = "<group>";
		};
		D3BD00E01B3A661300E3C166 /* RWPickFlavor */ = {
			isa = PBXGroup;
			children = (
				D3BD00E31B3A661300E3C166 /* RWPickFlavor.h */,
				D392DA1A1B3B420600620EB2 /* Categories */,
				D392DA191B3B420100620EB2 /* Controllers */,
				D392DA181B3B41FC00620EB2 /* Factories */,
				D392DA171B3B41F700620EB2 /* Models */,
				D392DA2D1B3B43B800620EB2 /* Resources */,
				D3BD00E11B3A661300E3C166 /* Supporting Files */,
				D392DA141B3B41E200620EB2 /* Views */,
			);
			path = RWPickFlavor;
			sourceTree = "<group>";
		};
		D3BD00E11B3A661300E3C166 /* Supporting Files */ = {
			isa = PBXGroup;
			children = (
				D3BD00E21B3A661300E3C166 /* Info.plist */,
			);
			name = "Supporting Files";
			sourceTree = "<group>";
		};
		D3BD00ED1B3A661300E3C166 /* RWPickFlavorTests */ = {
			isa = PBXGroup;
			children = (
				D3BD00F01B3A661300E3C166 /* RWPickFlavorTests.swift */,
				D3BD00EE1B3A661300E3C166 /* Supporting Files */,
			);
			path = RWPickFlavorTests;
			sourceTree = "<group>";
		};
		D3BD00EE1B3A661300E3C166 /* Supporting Files */ = {
			isa = PBXGroup;
			children = (
				D3BD00EF1B3A661300E3C166 /* Info.plist */,
			);
			name = "Supporting Files";
			sourceTree = "<group>";
		};
		FC8B99B51D1C87F271CAFF7D /* Frameworks */ = {
			isa = PBXGroup;
			children = (
				644801D91FF7B9C5A896CFF6 /* Pods_RWPickFlavor.framework */,
			);
			name = Frameworks;
			sourceTree = "<group>";
		};
/* End PBXGroup section */

/* Begin PBXHeadersBuildPhase section */
		D3BD00DB1B3A661300E3C166 /* Headers */ = {
			isa = PBXHeadersBuildPhase;
			buildActionMask = 2147483647;
			files = (
				D3BD00E41B3A661300E3C166 /* RWPickFlavor.h in Headers */,
			);
			runOnlyForDeploymentPostprocessing = 0;
		};
/* End PBXHeadersBuildPhase section */

/* Begin PBXNativeTarget section */
		D3BD00DD1B3A661300E3C166 /* RWPickFlavor */ = {
			isa = PBXNativeTarget;
			buildConfigurationList = D3BD00F41B3A661300E3C166 /* Build configuration list for PBXNativeTarget "RWPickFlavor" */;
			buildPhases = (
				FE1BCC89286F50A0B3D68331 /* Check Pods Manifest.lock */,
				D3BD00D91B3A661300E3C166 /* Sources */,
				D3BD00DA1B3A661300E3C166 /* Frameworks */,
				D3BD00DB1B3A661300E3C166 /* Headers */,
				D3BD00DC1B3A661300E3C166 /* Resources */,
				F33BDFBD86CAC69C744A3B39 /* Copy Pods Resources */,
			);
			buildRules = (
			);
			dependencies = (
			);
			name = RWPickFlavor;
			productName = RWPickFlavor;
			productReference = D3BD00DE1B3A661300E3C166 /* RWPickFlavor.framework */;
			productType = "com.apple.product-type.framework";
		};
		D3BD00E81B3A661300E3C166 /* RWPickFlavorTests */ = {
			isa = PBXNativeTarget;
			buildConfigurationList = D3BD00F71B3A661300E3C166 /* Build configuration list for PBXNativeTarget "RWPickFlavorTests" */;
			buildPhases = (
				D3BD00E51B3A661300E3C166 /* Sources */,
				D3BD00E61B3A661300E3C166 /* Frameworks */,
				D3BD00E71B3A661300E3C166 /* Resources */,
			);
			buildRules = (
			);
			dependencies = (
				D3BD00EC1B3A661300E3C166 /* PBXTargetDependency */,
			);
			name = RWPickFlavorTests;
			productName = RWPickFlavorTests;
			productReference = D3BD00E91B3A661300E3C166 /* RWPickFlavorTests.xctest */;
			productType = "com.apple.product-type.bundle.unit-test";
		};
/* End PBXNativeTarget section */

/* Begin PBXProject section */
		D3BD00D51B3A661300E3C166 /* Project object */ = {
			isa = PBXProject;
			attributes = {
				LastUpgradeCheck = 0630;
				ORGANIZATIONNAME = BCLCS;
				TargetAttributes = {
					D3BD00DD1B3A661300E3C166 = {
						CreatedOnToolsVersion = 6.3.2;
					};
					D3BD00E81B3A661300E3C166 = {
						CreatedOnToolsVersion = 6.3.2;
					};
				};
			};
			buildConfigurationList = D3BD00D81B3A661300E3C166 /* Build configuration list for PBXProject "RWPickFlavor" */;
			compatibilityVersion = "Xcode 3.2";
			developmentRegion = English;
			hasScannedForEncodings = 0;
			knownRegions = (
				en,
			);
			mainGroup = D3BD00D41B3A661300E3C166;
			productRefGroup = D3BD00DF1B3A661300E3C166 /* Products */;
			projectDirPath = "";
			projectRoot = "";
			targets = (
				D3BD00DD1B3A661300E3C166 /* RWPickFlavor */,
				D3BD00E81B3A661300E3C166 /* RWPickFlavorTests */,
			);
		};
/* End PBXProject section */

/* Begin PBXResourcesBuildPhase section */
		D3BD00DC1B3A661300E3C166 /* Resources */ = {
			isa = PBXResourcesBuildPhase;
			buildActionMask = 2147483647;
			files = (
				D392DA2C1B3B427E00620EB2 /* Main.storyboard in Resources */,
				D392DA2F1B3B442200620EB2 /* background.jpg in Resources */,
			);
			runOnlyForDeploymentPostprocessing = 0;
		};
		D3BD00E71B3A661300E3C166 /* Resources */ = {
			isa = PBXResourcesBuildPhase;
			buildActionMask = 2147483647;
			files = (
			);
			runOnlyForDeploymentPostprocessing = 0;
		};
/* End PBXResourcesBuildPhase section */

/* Begin PBXShellScriptBuildPhase section */
		F33BDFBD86CAC69C744A3B39 /* Copy Pods Resources */ = {
			isa = PBXShellScriptBuildPhase;
			buildActionMask = 2147483647;
			files = (
			);
			inputPaths = (
			);
			name = "Copy Pods Resources";
			outputPaths = (
			);
			runOnlyForDeploymentPostprocessing = 0;
			shellPath = /bin/sh;
			shellScript = "\"${SRCROOT}/Pods/Target Support Files/Pods-RWPickFlavor/Pods-RWPickFlavor-resources.sh\"\n";
			showEnvVarsInLog = 0;
		};
		FE1BCC89286F50A0B3D68331 /* Check Pods Manifest.lock */ = {
			isa = PBXShellScriptBuildPhase;
			buildActionMask = 2147483647;
			files = (
			);
			inputPaths = (
			);
			name = "Check Pods Manifest.lock";
			outputPaths = (
			);
			runOnlyForDeploymentPostprocessing = 0;
			shellPath = /bin/sh;
			shellScript = "diff \"${PODS_ROOT}/../Podfile.lock\" \"${PODS_ROOT}/Manifest.lock\" > /dev/null\nif [[ $? != 0 ]] ; then\n    cat << EOM\nerror: The sandbox is not in sync with the Podfile.lock. Run 'pod install' or update your CocoaPods installation.\nEOM\n    exit 1\nfi\n";
			showEnvVarsInLog = 0;
		};
/* End PBXShellScriptBuildPhase section */

/* Begin PBXSourcesBuildPhase section */
		D3BD00D91B3A661300E3C166 /* Sources */ = {
			isa = PBXSourcesBuildPhase;
			buildActionMask = 2147483647;
			files = (
				D392DA221B3B424700620EB2 /* FlavorFactory.swift in Sources */,
				D392DA2A1B3B426D00620EB2 /* ScoopView.swift in Sources */,
				D392DA1C1B3B422A00620EB2 /* RGBAColorFromString.swift in Sources */,
				D392DA291B3B426D00620EB2 /* ScoopCell.swift in Sources */,
				D392DA241B3B425000620EB2 /* Flavor.swift in Sources */,
				D392DA1F1B3B423D00620EB2 /* PickFlavorDataSource.swift in Sources */,
				D392DA201B3B423D00620EB2 /* PickFlavorViewController.swift in Sources */,
				D392DA281B3B426D00620EB2 /* IceCreamView.swift in Sources */,
			);
			runOnlyForDeploymentPostprocessing = 0;
		};
		D3BD00E51B3A661300E3C166 /* Sources */ = {
			isa = PBXSourcesBuildPhase;
			buildActionMask = 2147483647;
			files = (
				D3BD00F11B3A661300E3C166 /* RWPickFlavorTests.swift in Sources */,
			);
			runOnlyForDeploymentPostprocessing = 0;
		};
/* End PBXSourcesBuildPhase section */

/* Begin PBXTargetDependency section */
		D3BD00EC1B3A661300E3C166 /* PBXTargetDependency */ = {
			isa = PBXTargetDependency;
			target = D3BD00DD1B3A661300E3C166 /* RWPickFlavor */;
			targetProxy = D3BD00EB1B3A661300E3C166 /* PBXContainerItemProxy */;
		};
/* End PBXTargetDependency section */

/* Begin XCBuildConfiguration section */
		D3BD00F21B3A661300E3C166 /* Debug */ = {
			isa = XCBuildConfiguration;
			buildSettings = {
				ALWAYS_SEARCH_USER_PATHS = NO;
				CLANG_CXX_LANGUAGE_STANDARD = "gnu++0x";
				CLANG_CXX_LIBRARY = "libc++";
				CLANG_ENABLE_MODULES = YES;
				CLANG_ENABLE_OBJC_ARC = YES;
				CLANG_WARN_BOOL_CONVERSION = YES;
				CLANG_WARN_CONSTANT_CONVERSION = YES;
				CLANG_WARN_DIRECT_OBJC_ISA_USAGE = YES_ERROR;
				CLANG_WARN_EMPTY_BODY = YES;
				CLANG_WARN_ENUM_CONVERSION = YES;
				CLANG_WARN_INT_CONVERSION = YES;
				CLANG_WARN_OBJC_ROOT_CLASS = YES_ERROR;
				CLANG_WARN_UNREACHABLE_CODE = YES;
				CLANG_WARN__DUPLICATE_METHOD_MATCH = YES;
				"CODE_SIGN_IDENTITY[sdk=iphoneos*]" = "iPhone Developer";
				COPY_PHASE_STRIP = NO;
				CURRENT_PROJECT_VERSION = 1;
				DEBUG_INFORMATION_FORMAT = "dwarf-with-dsym";
				ENABLE_STRICT_OBJC_MSGSEND = YES;
				GCC_C_LANGUAGE_STANDARD = gnu99;
				GCC_DYNAMIC_NO_PIC = NO;
				GCC_NO_COMMON_BLOCKS = YES;
				GCC_OPTIMIZATION_LEVEL = 0;
				GCC_PREPROCESSOR_DEFINITIONS = (
					"DEBUG=1",
					"$(inherited)",
				);
				GCC_SYMBOLS_PRIVATE_EXTERN = NO;
				GCC_WARN_64_TO_32_BIT_CONVERSION = YES;
				GCC_WARN_ABOUT_RETURN_TYPE = YES_ERROR;
				GCC_WARN_UNDECLARED_SELECTOR = YES;
				GCC_WARN_UNINITIALIZED_AUTOS = YES_AGGRESSIVE;
				GCC_WARN_UNUSED_FUNCTION = YES;
				GCC_WARN_UNUSED_VARIABLE = YES;
				IPHONEOS_DEPLOYMENT_TARGET = 8.3;
				MTL_ENABLE_DEBUG_INFO = YES;
				ONLY_ACTIVE_ARCH = YES;
				SDKROOT = iphoneos;
				SWIFT_OPTIMIZATION_LEVEL = "-Onone";
				TARGETED_DEVICE_FAMILY = "1,2";
				VERSIONING_SYSTEM = "apple-generic";
				VERSION_INFO_PREFIX = "";
			};
			name = Debug;
		};
		D3BD00F31B3A661300E3C166 /* Release */ = {
			isa = XCBuildConfiguration;
			buildSettings = {
				ALWAYS_SEARCH_USER_PATHS = NO;
				CLANG_CXX_LANGUAGE_STANDARD = "gnu++0x";
				CLANG_CXX_LIBRARY = "libc++";
				CLANG_ENABLE_MODULES = YES;
				CLANG_ENABLE_OBJC_ARC = YES;
				CLANG_WARN_BOOL_CONVERSION = YES;
				CLANG_WARN_CONSTANT_CONVERSION = YES;
				CLANG_WARN_DIRECT_OBJC_ISA_USAGE = YES_ERROR;
				CLANG_WARN_EMPTY_BODY = YES;
				CLANG_WARN_ENUM_CONVERSION = YES;
				CLANG_WARN_INT_CONVERSION = YES;
				CLANG_WARN_OBJC_ROOT_CLASS = YES_ERROR;
				CLANG_WARN_UNREACHABLE_CODE = YES;
				CLANG_WARN__DUPLICATE_METHOD_MATCH = YES;
				"CODE_SIGN_IDENTITY[sdk=iphoneos*]" = "iPhone Developer";
				COPY_PHASE_STRIP = NO;
				CURRENT_PROJECT_VERSION = 1;
				DEBUG_INFORMATION_FORMAT = "dwarf-with-dsym";
				ENABLE_NS_ASSERTIONS = NO;
				ENABLE_STRICT_OBJC_MSGSEND = YES;
				GCC_C_LANGUAGE_STANDARD = gnu99;
				GCC_NO_COMMON_BLOCKS = YES;
				GCC_WARN_64_TO_32_BIT_CONVERSION = YES;
				GCC_WARN_ABOUT_RETURN_TYPE = YES_ERROR;
				GCC_WARN_UNDECLARED_SELECTOR = YES;
				GCC_WARN_UNINITIALIZED_AUTOS = YES_AGGRESSIVE;
				GCC_WARN_UNUSED_FUNCTION = YES;
				GCC_WARN_UNUSED_VARIABLE = YES;
				IPHONEOS_DEPLOYMENT_TARGET = 8.3;
				MTL_ENABLE_DEBUG_INFO = NO;
				SDKROOT = iphoneos;
				TARGETED_DEVICE_FAMILY = "1,2";
				VALIDATE_PRODUCT = YES;
				VERSIONING_SYSTEM = "apple-generic";
				VERSION_INFO_PREFIX = "";
			};
			name = Release;
		};
		D3BD00F51B3A661300E3C166 /* Debug */ = {
			isa = XCBuildConfiguration;
			baseConfigurationReference = 4AAD9C0E5B5D25DCD788F300 /* Pods-RWPickFlavor.debug.xcconfig */;
			buildSettings = {
				CLANG_ENABLE_MODULES = YES;
				DEFINES_MODULE = YES;
				DYLIB_COMPATIBILITY_VERSION = 1;
				DYLIB_CURRENT_VERSION = 1;
				DYLIB_INSTALL_NAME_BASE = "@rpath";
				INFOPLIST_FILE = RWPickFlavor/Info.plist;
				INSTALL_PATH = "$(LOCAL_LIBRARY_DIR)/Frameworks";
				LD_RUNPATH_SEARCH_PATHS = "$(inherited) @executable_path/Frameworks @loader_path/Frameworks";
				PRODUCT_NAME = "$(TARGET_NAME)";
				SKIP_INSTALL = YES;
				SWIFT_OPTIMIZATION_LEVEL = "-Onone";
			};
			name = Debug;
		};
		D3BD00F61B3A661300E3C166 /* Release */ = {
			isa = XCBuildConfiguration;
			baseConfigurationReference = EFC78C8973A1E41305D87473 /* Pods-RWPickFlavor.release.xcconfig */;
			buildSettings = {
				CLANG_ENABLE_MODULES = YES;
				DEFINES_MODULE = YES;
				DYLIB_COMPATIBILITY_VERSION = 1;
				DYLIB_CURRENT_VERSION = 1;
				DYLIB_INSTALL_NAME_BASE = "@rpath";
				INFOPLIST_FILE = RWPickFlavor/Info.plist;
				INSTALL_PATH = "$(LOCAL_LIBRARY_DIR)/Frameworks";
				LD_RUNPATH_SEARCH_PATHS = "$(inherited) @executable_path/Frameworks @loader_path/Frameworks";
				PRODUCT_NAME = "$(TARGET_NAME)";
				SKIP_INSTALL = YES;
			};
			name = Release;
		};
		D3BD00F81B3A661300E3C166 /* Debug */ = {
			isa = XCBuildConfiguration;
			buildSettings = {
				FRAMEWORK_SEARCH_PATHS = (
					"$(SDKROOT)/Developer/Library/Frameworks",
					"$(inherited)",
				);
				GCC_PREPROCESSOR_DEFINITIONS = (
					"DEBUG=1",
					"$(inherited)",
				);
				INFOPLIST_FILE = RWPickFlavorTests/Info.plist;
				LD_RUNPATH_SEARCH_PATHS = "$(inherited) @executable_path/Frameworks @loader_path/Frameworks";
				PRODUCT_NAME = "$(TARGET_NAME)";
			};
			name = Debug;
		};
		D3BD00F91B3A661300E3C166 /* Release */ = {
			isa = XCBuildConfiguration;
			buildSettings = {
				FRAMEWORK_SEARCH_PATHS = (
					"$(SDKROOT)/Developer/Library/Frameworks",
					"$(inherited)",
				);
				INFOPLIST_FILE = RWPickFlavorTests/Info.plist;
				LD_RUNPATH_SEARCH_PATHS = "$(inherited) @executable_path/Frameworks @loader_path/Frameworks";
				PRODUCT_NAME = "$(TARGET_NAME)";
			};
			name = Release;
		};
/* End XCBuildConfiguration section */

/* Begin XCConfigurationList section */
		D3BD00D81B3A661300E3C166 /* Build configuration list for PBXProject "RWPickFlavor" */ = {
			isa = XCConfigurationList;
			buildConfigurations = (
				D3BD00F21B3A661300E3C166 /* Debug */,
				D3BD00F31B3A661300E3C166 /* Release */,
			);
			defaultConfigurationIsVisible = 0;
			defaultConfigurationName = Release;
		};
		D3BD00F41B3A661300E3C166 /* Build configuration list for PBXNativeTarget "RWPickFlavor" */ = {
			isa = XCConfigurationList;
			buildConfigurations = (
				D3BD00F51B3A661300E3C166 /* Debug */,
				D3BD00F61B3A661300E3C166 /* Release */,
			);
			defaultConfigurationIsVisible = 0;
			defaultConfigurationName = Release;
		};
		D3BD00F71B3A661300E3C166 /* Build configuration list for PBXNativeTarget "RWPickFlavorTests" */ = {
			isa = XCConfigurationList;
			buildConfigurations = (
				D3BD00F81B3A661300E3C166 /* Debug */,
				D3BD00F91B3A661300E3C166 /* Release */,
			);
			defaultConfigurationIsVisible = 0;
			defaultConfigurationName = Release;
		};
/* End XCConfigurationList section */
	};
	rootObject = D3BD00D51B3A661300E3C166 /* Project object */;
}
